// !$*UTF8*$!
{
	archiveVersion = 1;
	classes = {
	};
	objectVersion = 50;
	objects = {

/* Begin PBXBuildFile section */
		5D72A18126BB033F00B74560 /* AppDelegate.swift in Sources */ = {isa = PBXBuildFile; fileRef = 5D72A18026BB033F00B74560 /* AppDelegate.swift */; };
		5D72A18326BB033F00B74560 /* SceneDelegate.swift in Sources */ = {isa = PBXBuildFile; fileRef = 5D72A18226BB033F00B74560 /* SceneDelegate.swift */; };
		5D72A18526BB033F00B74560 /* ViewController.swift in Sources */ = {isa = PBXBuildFile; fileRef = 5D72A18426BB033F00B74560 /* ViewController.swift */; };
		5D72A18826BB033F00B74560 /* Main.storyboard in Resources */ = {isa = PBXBuildFile; fileRef = 5D72A18626BB033F00B74560 /* Main.storyboard */; };
		5D72A18A26BB034200B74560 /* Assets.xcassets in Resources */ = {isa = PBXBuildFile; fileRef = 5D72A18926BB034200B74560 /* Assets.xcassets */; };
		5D72A18D26BB034200B74560 /* LaunchScreen.storyboard in Resources */ = {isa = PBXBuildFile; fileRef = 5D72A18B26BB034200B74560 /* LaunchScreen.storyboard */; };
		5D72A19826BB034300B74560 /* preworkTests.swift in Sources */ = {isa = PBXBuildFile; fileRef = 5D72A19726BB034300B74560 /* preworkTests.swift */; };
		5D72A1A326BB034300B74560 /* preworkUITests.swift in Sources */ = {isa = PBXBuildFile; fileRef = 5D72A1A226BB034300B74560 /* preworkUITests.swift */; };
/* End PBXBuildFile section */

/* Begin PBXContainerItemProxy section */
		5D72A19426BB034300B74560 /* PBXContainerItemProxy */ = {
			isa = PBXContainerItemProxy;
			containerPortal = 5D72A17526BB033F00B74560 /* Project object */;
			proxyType = 1;
			remoteGlobalIDString = 5D72A17C26BB033F00B74560;
			remoteInfo = prework;
		};
		5D72A19F26BB034300B74560 /* PBXContainerItemProxy */ = {
			isa = PBXContainerItemProxy;
			containerPortal = 5D72A17526BB033F00B74560 /* Project object */;
			proxyType = 1;
			remoteGlobalIDString = 5D72A17C26BB033F00B74560;
			remoteInfo = prework;
		};
/* End PBXContainerItemProxy section */

/* Begin PBXFileReference section */
		5D72A17D26BB033F00B74560 /* prework.app */ = {isa = PBXFileReference; explicitFileType = wrapper.application; includeInIndex = 0; path = prework.app; sourceTree = BUILT_PRODUCTS_DIR; };
		5D72A18026BB033F00B74560 /* AppDelegate.swift */ = {isa = PBXFileReference; lastKnownFileType = sourcecode.swift; path = AppDelegate.swift; sourceTree = "<group>"; };
		5D72A18226BB033F00B74560 /* SceneDelegate.swift */ = {isa = PBXFileReference; lastKnownFileType = sourcecode.swift; path = SceneDelegate.swift; sourceTree = "<group>"; };
		5D72A18426BB033F00B74560 /* ViewController.swift */ = {isa = PBXFileReference; lastKnownFileType = sourcecode.swift; path = ViewController.swift; sourceTree = "<group>"; };
		5D72A18726BB033F00B74560 /* Base */ = {isa = PBXFileReference; lastKnownFileType = file.storyboard; name = Base; path = Base.lproj/Main.storyboard; sourceTree = "<group>"; };
		5D72A18926BB034200B74560 /* Assets.xcassets */ = {isa = PBXFileReference; lastKnownFileType = folder.assetcatalog; path = Assets.xcassets; sourceTree = "<group>"; };
		5D72A18C26BB034200B74560 /* Base */ = {isa = PBXFileReference; lastKnownFileType = file.storyboard; name = Base; path = Base.lproj/LaunchScreen.storyboard; sourceTree = "<group>"; };
		5D72A18E26BB034200B74560 /* Info.plist */ = {isa = PBXFileReference; lastKnownFileType = text.plist.xml; path = Info.plist; sourceTree = "<group>"; };
		5D72A19326BB034300B74560 /* preworkTests.xctest */ = {isa = PBXFileReference; explicitFileType = wrapper.cfbundle; includeInIndex = 0; path = preworkTests.xctest; sourceTree = BUILT_PRODUCTS_DIR; };
		5D72A19726BB034300B74560 /* preworkTests.swift */ = {isa = PBXFileReference; lastKnownFileType = sourcecode.swift; path = preworkTests.swift; sourceTree = "<group>"; };
		5D72A19926BB034300B74560 /* Info.plist */ = {isa = PBXFileReference; lastKnownFileType = text.plist.xml; path = Info.plist; sourceTree = "<group>"; };
		5D72A19E26BB034300B74560 /* preworkUITests.xctest */ = {isa = PBXFileReference; explicitFileType = wrapper.cfbundle; includeInIndex = 0; path = preworkUITests.xctest; sourceTree = BUILT_PRODUCTS_DIR; };
		5D72A1A226BB034300B74560 /* preworkUITests.swift */ = {isa = PBXFileReference; lastKnownFileType = sourcecode.swift; path = preworkUITests.swift; sourceTree = "<group>"; };
		5D72A1A426BB034300B74560 /* Info.plist */ = {isa = PBXFileReference; lastKnownFileType = text.plist.xml; path = Info.plist; sourceTree = "<group>"; };
		5D72A1B026BB7D0E00B74560 /* README.md */ = {isa = PBXFileReference; lastKnownFileType = net.daringfireball.markdown; path = README.md; sourceTree = "<group>"; };
/* End PBXFileReference section */

/* Begin PBXFrameworksBuildPhase section */
		5D72A17A26BB033F00B74560 /* Frameworks */ = {
			isa = PBXFrameworksBuildPhase;
			buildActionMask = 2147483647;
			files = (
			);
			runOnlyForDeploymentPostprocessing = 0;
		};
		5D72A19026BB034300B74560 /* Frameworks */ = {
			isa = PBXFrameworksBuildPhase;
			buildActionMask = 2147483647;
			files = (
			);
			runOnlyForDeploymentPostprocessing = 0;
		};
		5D72A19B26BB034300B74560 /* Frameworks */ = {
			isa = PBXFrameworksBuildPhase;
			buildActionMask = 2147483647;
			files = (
			);
			runOnlyForDeploymentPostprocessing = 0;
		};
/* End PBXFrameworksBuildPhase section */

/* Begin PBXGroup section */
		5D72A17426BB033F00B74560 = {
			isa = PBXGroup;
			children = (
				5D72A1B026BB7D0E00B74560 /* README.md */,
				5D72A17F26BB033F00B74560 /* prework */,
				5D72A19626BB034300B74560 /* preworkTests */,
				5D72A1A126BB034300B74560 /* preworkUITests */,
				5D72A17E26BB033F00B74560 /* Products */,
			);
			sourceTree = "<group>";
		};
		5D72A17E26BB033F00B74560 /* Products */ = {
			isa = PBXGroup;
			children = (
				5D72A17D26BB033F00B74560 /* prework.app */,
				5D72A19326BB034300B74560 /* preworkTests.xctest */,
				5D72A19E26BB034300B74560 /* preworkUITests.xctest */,
			);
			name = Products;
			sourceTree = "<group>";
		};
		5D72A17F26BB033F00B74560 /* prework */ = {
			isa = PBXGroup;
			children = (
				5D72A18026BB033F00B74560 /* AppDelegate.swift */,
				5D72A18226BB033F00B74560 /* SceneDelegate.swift */,
				5D72A18426BB033F00B74560 /* ViewController.swift */,
				5D72A18626BB033F00B74560 /* Main.storyboard */,
				5D72A18926BB034200B74560 /* Assets.xcassets */,
				5D72A18B26BB034200B74560 /* LaunchScreen.storyboard */,
				5D72A18E26BB034200B74560 /* Info.plist */,
			);
			path = prework;
			sourceTree = "<group>";
		};
		5D72A19626BB034300B74560 /* preworkTests */ = {
			isa = PBXGroup;
			children = (
				5D72A19726BB034300B74560 /* preworkTests.swift */,
				5D72A19926BB034300B74560 /* Info.plist */,
			);
			path = preworkTests;
			sourceTree = "<group>";
		};
		5D72A1A126BB034300B74560 /* preworkUITests */ = {
			isa = PBXGroup;
			children = (
				5D72A1A226BB034300B74560 /* preworkUITests.swift */,
				5D72A1A426BB034300B74560 /* Info.plist */,
			);
			path = preworkUITests;
			sourceTree = "<group>";
		};
/* End PBXGroup section */

/* Begin PBXNativeTarget section */
		5D72A17C26BB033F00B74560 /* prework */ = {
			isa = PBXNativeTarget;
			buildConfigurationList = 5D72A1A726BB034300B74560 /* Build configuration list for PBXNativeTarget "prework" */;
			buildPhases = (
				5D72A17926BB033F00B74560 /* Sources */,
				5D72A17A26BB033F00B74560 /* Frameworks */,
				5D72A17B26BB033F00B74560 /* Resources */,
			);
			buildRules = (
			);
			dependencies = (
			);
			name = prework;
			productName = prework;
			productReference = 5D72A17D26BB033F00B74560 /* prework.app */;
			productType = "com.apple.product-type.application";
		};
		5D72A19226BB034300B74560 /* preworkTests */ = {
			isa = PBXNativeTarget;
			buildConfigurationList = 5D72A1AA26BB034300B74560 /* Build configuration list for PBXNativeTarget "preworkTests" */;
			buildPhases = (
				5D72A18F26BB034300B74560 /* Sources */,
				5D72A19026BB034300B74560 /* Frameworks */,
				5D72A19126BB034300B74560 /* Resources */,
			);
			buildRules = (
			);
			dependencies = (
				5D72A19526BB034300B74560 /* PBXTargetDependency */,
			);
			name = preworkTests;
			productName = preworkTests;
			productReference = 5D72A19326BB034300B74560 /* preworkTests.xctest */;
			productType = "com.apple.product-type.bundle.unit-test";
		};
		5D72A19D26BB034300B74560 /* preworkUITests */ = {
			isa = PBXNativeTarget;
			buildConfigurationList = 5D72A1AD26BB034300B74560 /* Build configuration list for PBXNativeTarget "preworkUITests" */;
			buildPhases = (
				5D72A19A26BB034300B74560 /* Sources */,
				5D72A19B26BB034300B74560 /* Frameworks */,
				5D72A19C26BB034300B74560 /* Resources */,
			);
			buildRules = (
			);
			dependencies = (
				5D72A1A026BB034300B74560 /* PBXTargetDependency */,
			);
			name = preworkUITests;
			productName = preworkUITests;
			productReference = 5D72A19E26BB034300B74560 /* preworkUITests.xctest */;
			productType = "com.apple.product-type.bundle.ui-testing";
		};
/* End PBXNativeTarget section */

/* Begin PBXProject section */
		5D72A17526BB033F00B74560 /* Project object */ = {
			isa = PBXProject;
			attributes = {
				LastSwiftUpdateCheck = 1250;
				LastUpgradeCheck = 1250;
				TargetAttributes = {
					5D72A17C26BB033F00B74560 = {
						CreatedOnToolsVersion = 12.5.1;
					};
					5D72A19226BB034300B74560 = {
						CreatedOnToolsVersion = 12.5.1;
						TestTargetID = 5D72A17C26BB033F00B74560;
					};
					5D72A19D26BB034300B74560 = {
						CreatedOnToolsVersion = 12.5.1;
						TestTargetID = 5D72A17C26BB033F00B74560;
					};
				};
			};
			buildConfigurationList = 5D72A17826BB033F00B74560 /* Build configuration list for PBXProject "prework" */;
			compatibilityVersion = "Xcode 9.3";
			developmentRegion = en;
			hasScannedForEncodings = 0;
			knownRegions = (
				en,
				Base,
			);
			mainGroup = 5D72A17426BB033F00B74560;
			productRefGroup = 5D72A17E26BB033F00B74560 /* Products */;
			projectDirPath = "";
			projectRoot = "";
			targets = (
				5D72A17C26BB033F00B74560 /* prework */,
				5D72A19226BB034300B74560 /* preworkTests */,
				5D72A19D26BB034300B74560 /* preworkUITests */,
			);
		};
/* End PBXProject section */

/* Begin PBXResourcesBuildPhase section */
		5D72A17B26BB033F00B74560 /* Resources */ = {
			isa = PBXResourcesBuildPhase;
			buildActionMask = 2147483647;
			files = (
				5D72A18D26BB034200B74560 /* LaunchScreen.storyboard in Resources */,
				5D72A18A26BB034200B74560 /* Assets.xcassets in Resources */,
				5D72A18826BB033F00B74560 /* Main.storyboard in Resources */,
			);
			runOnlyForDeploymentPostprocessing = 0;
		};
		5D72A19126BB034300B74560 /* Resources */ = {
			isa = PBXResourcesBuildPhase;
			buildActionMask = 2147483647;
			files = (
			);
			runOnlyForDeploymentPostprocessing = 0;
		};
		5D72A19C26BB034300B74560 /* Resources */ = {
			isa = PBXResourcesBuildPhase;
			buildActionMask = 2147483647;
			files = (
			);
			runOnlyForDeploymentPostprocessing = 0;
		};
/* End PBXResourcesBuildPhase section */

/* Begin PBXSourcesBuildPhase section */
		5D72A17926BB033F00B74560 /* Sources */ = {
			isa = PBXSourcesBuildPhase;
			buildActionMask = 2147483647;
			files = (
				5D72A18526BB033F00B74560 /* ViewController.swift in Sources */,
				5D72A18126BB033F00B74560 /* AppDelegate.swift in Sources */,
				5D72A18326BB033F00B74560 /* SceneDelegate.swift in Sources */,
			);
			runOnlyForDeploymentPostprocessing = 0;
		};
		5D72A18F26BB034300B74560 /* Sources */ = {
			isa = PBXSourcesBuildPhase;
			buildActionMask = 2147483647;
			files = (
				5D72A19826BB034300B74560 /* preworkTests.swift in Sources */,
			);
			runOnlyForDeploymentPostprocessing = 0;
		};
		5D72A19A26BB034300B74560 /* Sources */ = {
			isa = PBXSourcesBuildPhase;
			buildActionMask = 2147483647;
			files = (
				5D72A1A326BB034300B74560 /* preworkUITests.swift in Sources */,
			);
			runOnlyForDeploymentPostprocessing = 0;
		};
/* End PBXSourcesBuildPhase section */

/* Begin PBXTargetDependency section */
		5D72A19526BB034300B74560 /* PBXTargetDependency */ = {
			isa = PBXTargetDependency;
			target = 5D72A17C26BB033F00B74560 /* prework */;
			targetProxy = 5D72A19426BB034300B74560 /* PBXContainerItemProxy */;
		};
		5D72A1A026BB034300B74560 /* PBXTargetDependency */ = {
			isa = PBXTargetDependency;
			target = 5D72A17C26BB033F00B74560 /* prework */;
			targetProxy = 5D72A19F26BB034300B74560 /* PBXContainerItemProxy */;
		};
/* End PBXTargetDependency section */

/* Begin PBXVariantGroup section */
		5D72A18626BB033F00B74560 /* Main.storyboard */ = {
			isa = PBXVariantGroup;
			children = (
				5D72A18726BB033F00B74560 /* Base */,
			);
			name = Main.storyboard;
			sourceTree = "<group>";
		};
		5D72A18B26BB034200B74560 /* LaunchScreen.storyboard */ = {
			isa = PBXVariantGroup;
			children = (
				5D72A18C26BB034200B74560 /* Base */,
			);
			name = LaunchScreen.storyboard;
			sourceTree = "<group>";
		};
/* End PBXVariantGroup section */

/* Begin XCBuildConfiguration section */
		5D72A1A526BB034300B74560 /* Debug */ = {
			isa = XCBuildConfiguration;
			buildSettings = {
				ALWAYS_SEARCH_USER_PATHS = NO;
				CLANG_ANALYZER_NONNULL = YES;
				CLANG_ANALYZER_NUMBER_OBJECT_CONVERSION = YES_AGGRESSIVE;
				CLANG_CXX_LANGUAGE_STANDARD = "gnu++14";
				CLANG_CXX_LIBRARY = "libc++";
				CLANG_ENABLE_MODULES = YES;
				CLANG_ENABLE_OBJC_ARC = YES;
				CLANG_ENABLE_OBJC_WEAK = YES;
				CLANG_WARN_BLOCK_CAPTURE_AUTORELEASING = YES;
				CLANG_WARN_BOOL_CONVERSION = YES;
				CLANG_WARN_COMMA = YES;
				CLANG_WARN_CONSTANT_CONVERSION = YES;
				CLANG_WARN_DEPRECATED_OBJC_IMPLEMENTATIONS = YES;
				CLANG_WARN_DIRECT_OBJC_ISA_USAGE = YES_ERROR;
				CLANG_WARN_DOCUMENTATION_COMMENTS = YES;
				CLANG_WARN_EMPTY_BODY = YES;
				CLANG_WARN_ENUM_CONVERSION = YES;
				CLANG_WARN_INFINITE_RECURSION = YES;
				CLANG_WARN_INT_CONVERSION = YES;
				CLANG_WARN_NON_LITERAL_NULL_CONVERSION = YES;
				CLANG_WARN_OBJC_IMPLICIT_RETAIN_SELF = YES;
				CLANG_WARN_OBJC_LITERAL_CONVERSION = YES;
				CLANG_WARN_OBJC_ROOT_CLASS = YES_ERROR;
				CLANG_WARN_QUOTED_INCLUDE_IN_FRAMEWORK_HEADER = YES;
				CLANG_WARN_RANGE_LOOP_ANALYSIS = YES;
				CLANG_WARN_STRICT_PROTOTYPES = YES;
				CLANG_WARN_SUSPICIOUS_MOVE = YES;
				CLANG_WARN_UNGUARDED_AVAILABILITY = YES_AGGRESSIVE;
				CLANG_WARN_UNREACHABLE_CODE = YES;
				CLANG_WARN__DUPLICATE_METHOD_MATCH = YES;
				COPY_PHASE_STRIP = NO;
				DEBUG_INFORMATION_FORMAT = dwarf;
				ENABLE_STRICT_OBJC_MSGSEND = YES;
				ENABLE_TESTABILITY = YES;
				GCC_C_LANGUAGE_STANDARD = gnu11;
				GCC_DYNAMIC_NO_PIC = NO;
				GCC_NO_COMMON_BLOCKS = YES;
				GCC_OPTIMIZATION_LEVEL = 0;
				GCC_PREPROCESSOR_DEFINITIONS = (
					"DEBUG=1",
					"$(inherited)",
				);
				GCC_WARN_64_TO_32_BIT_CONVERSION = YES;
				GCC_WARN_ABOUT_RETURN_TYPE = YES_ERROR;
				GCC_WARN_UNDECLARED_SELECTOR = YES;
				GCC_WARN_UNINITIALIZED_AUTOS = YES_AGGRESSIVE;
				GCC_WARN_UNUSED_FUNCTION = YES;
				GCC_WARN_UNUSED_VARIABLE = YES;
				IPHONEOS_DEPLOYMENT_TARGET = 14.5;
				MTL_ENABLE_DEBUG_INFO = INCLUDE_SOURCE;
				MTL_FAST_MATH = YES;
				ONLY_ACTIVE_ARCH = YES;
				SDKROOT = iphoneos;
				SWIFT_ACTIVE_COMPILATION_CONDITIONS = DEBUG;
				SWIFT_OPTIMIZATION_LEVEL = "-Onone";
			};
			name = Debug;
		};
		5D72A1A626BB034300B74560 /* Release */ = {
			isa = XCBuildConfiguration;
			buildSettings = {
				ALWAYS_SEARCH_USER_PATHS = NO;
				CLANG_ANALYZER_NONNULL = YES;
				CLANG_ANALYZER_NUMBER_OBJECT_CONVERSION = YES_AGGRESSIVE;
				CLANG_CXX_LANGUAGE_STANDARD = "gnu++14";
				CLANG_CXX_LIBRARY = "libc++";
				CLANG_ENABLE_MODULES = YES;
				CLANG_ENABLE_OBJC_ARC = YES;
				CLANG_ENABLE_OBJC_WEAK = YES;
				CLANG_WARN_BLOCK_CAPTURE_AUTORELEASING = YES;
				CLANG_WARN_BOOL_CONVERSION = YES;
				CLANG_WARN_COMMA = YES;
				CLANG_WARN_CONSTANT_CONVERSION = YES;
				CLANG_WARN_DEPRECATED_OBJC_IMPLEMENTATIONS = YES;
				CLANG_WARN_DIRECT_OBJC_ISA_USAGE = YES_ERROR;
				CLANG_WARN_DOCUMENTATION_COMMENTS = YES;
				CLANG_WARN_EMPTY_BODY = YES;
				CLANG_WARN_ENUM_CONVERSION = YES;
				CLANG_WARN_INFINITE_RECURSION = YES;
				CLANG_WARN_INT_CONVERSION = YES;
				CLANG_WARN_NON_LITERAL_NULL_CONVERSION = YES;
				CLANG_WARN_OBJC_IMPLICIT_RETAIN_SELF = YES;
				CLANG_WARN_OBJC_LITERAL_CONVERSION = YES;
				CLANG_WARN_OBJC_ROOT_CLASS = YES_ERROR;
				CLANG_WARN_QUOTED_INCLUDE_IN_FRAMEWORK_HEADER = YES;
				CLANG_WARN_RANGE_LOOP_ANALYSIS = YES;
				CLANG_WARN_STRICT_PROTOTYPES = YES;
				CLANG_WARN_SUSPICIOUS_MOVE = YES;
				CLANG_WARN_UNGUARDED_AVAILABILITY = YES_AGGRESSIVE;
				CLANG_WARN_UNREACHABLE_CODE = YES;
				CLANG_WARN__DUPLICATE_METHOD_MATCH = YES;
				COPY_PHASE_STRIP = NO;
				DEBUG_INFORMATION_FORMAT = "dwarf-with-dsym";
				ENABLE_NS_ASSERTIONS = NO;
				ENABLE_STRICT_OBJC_MSGSEND = YES;
				GCC_C_LANGUAGE_STANDARD = gnu11;
				GCC_NO_COMMON_BLOCKS = YES;
				GCC_WARN_64_TO_32_BIT_CONVERSION = YES;
				GCC_WARN_ABOUT_RETURN_TYPE = YES_ERROR;
				GCC_WARN_UNDECLARED_SELECTOR = YES;
				GCC_WARN_UNINITIALIZED_AUTOS = YES_AGGRESSIVE;
				GCC_WARN_UNUSED_FUNCTION = YES;
				GCC_WARN_UNUSED_VARIABLE = YES;
				IPHONEOS_DEPLOYMENT_TARGET = 14.5;
				MTL_ENABLE_DEBUG_INFO = NO;
				MTL_FAST_MATH = YES;
				SDKROOT = iphoneos;
				SWIFT_COMPILATION_MODE = wholemodule;
				SWIFT_OPTIMIZATION_LEVEL = "-O";
				VALIDATE_PRODUCT = YES;
			};
			name = Release;
		};
		5D72A1A826BB034300B74560 /* Debug */ = {
			isa = XCBuildConfiguration;
			buildSettings = {
				ASSETCATALOG_COMPILER_APPICON_NAME = AppIcon;
				ASSETCATALOG_COMPILER_GLOBAL_ACCENT_COLOR_NAME = AccentColor;
				CODE_SIGN_STYLE = Automatic;
				INFOPLIST_FILE = prework/Info.plist;
				LD_RUNPATH_SEARCH_PATHS = (
					"$(inherited)",
					"@executable_path/Frameworks",
				);
				PRODUCT_BUNDLE_IDENTIFIER = "Nicole-Sosa.prework";
				PRODUCT_NAME = "$(TARGET_NAME)";
				SWIFT_VERSION = 5.0;
				TARGETED_DEVICE_FAMILY = "1,2";
			};
			name = Debug;
		};
		5D72A1A926BB034300B74560 /* Release */ = {
			isa = XCBuildConfiguration;
			buildSettings = {
				ASSETCATALOG_COMPILER_APPICON_NAME = AppIcon;
				ASSETCATALOG_COMPILER_GLOBAL_ACCENT_COLOR_NAME = AccentColor;
				CODE_SIGN_STYLE = Automatic;
				INFOPLIST_FILE = prework/Info.plist;
				LD_RUNPATH_SEARCH_PATHS = (
					"$(inherited)",
					"@executable_path/Frameworks",
				);
				PRODUCT_BUNDLE_IDENTIFIER = "Nicole-Sosa.prework";
				PRODUCT_NAME = "$(TARGET_NAME)";
				SWIFT_VERSION = 5.0;
				TARGETED_DEVICE_FAMILY = "1,2";
			};
			name = Release;
		};
		5D72A1AB26BB034300B74560 /* Debug */ = {
			isa = XCBuildConfiguration;
			buildSettings = {
				ALWAYS_EMBED_SWIFT_STANDARD_LIBRARIES = YES;
				BUNDLE_LOADER = "$(TEST_HOST)";
				CODE_SIGN_STYLE = Automatic;
				INFOPLIST_FILE = preworkTests/Info.plist;
				IPHONEOS_DEPLOYMENT_TARGET = 14.5;
				LD_RUNPATH_SEARCH_PATHS = (
					"$(inherited)",
					"@executable_path/Frameworks",
					"@loader_path/Frameworks",
				);
				PRODUCT_BUNDLE_IDENTIFIER = "Nicole-Sosa.preworkTests";
				PRODUCT_NAME = "$(TARGET_NAME)";
				SWIFT_VERSION = 5.0;
				TARGETED_DEVICE_FAMILY = "1,2";
				TEST_HOST = "$(BUILT_PRODUCTS_DIR)/prework.app/prework";
			};
			name = Debug;
		};
		5D72A1AC26BB034300B74560 /* Release */ = {
			isa = XCBuildConfiguration;
			buildSettings = {
				ALWAYS_EMBED_SWIFT_STANDARD_LIBRARIES = YES;
				BUNDLE_LOADER = "$(TEST_HOST)";
				CODE_SIGN_STYLE = Automatic;
				INFOPLIST_FILE = preworkTests/Info.plist;
				IPHONEOS_DEPLOYMENT_TARGET = 14.5;
				LD_RUNPATH_SEARCH_PATHS = (
					"$(inherited)",
					"@executable_path/Frameworks",
					"@loader_path/Frameworks",
				);
				PRODUCT_BUNDLE_IDENTIFIER = "Nicole-Sosa.preworkTests";
				PRODUCT_NAME = "$(TARGET_NAME)";
				SWIFT_VERSION = 5.0;
				TARGETED_DEVICE_FAMILY = "1,2";
				TEST_HOST = "$(BUILT_PRODUCTS_DIR)/prework.app/prework";
			};
			name = Release;
		};
		5D72A1AE26BB034300B74560 /* Debug */ = {
			isa = XCBuildConfiguration;
			buildSettings = {
				ALWAYS_EMBED_SWIFT_STANDARD_LIBRARIES = YES;
				CODE_SIGN_STYLE = Automatic;
				INFOPLIST_FILE = preworkUITests/Info.plist;
				LD_RUNPATH_SEARCH_PATHS = (
					"$(inherited)",
					"@executable_path/Frameworks",
					"@loader_path/Frameworks",
				);
				PRODUCT_BUNDLE_IDENTIFIER = "Nicole-Sosa.preworkUITests";
				PRODUCT_NAME = "$(TARGET_NAME)";
				SWIFT_VERSION = 5.0;
				TARGETED_DEVICE_FAMILY = "1,2";
				TEST_TARGET_NAME = prework;
			};
			name = Debug;
		};
		5D72A1AF26BB034300B74560 /* Release */ = {
			isa = XCBuildConfiguration;
			buildSettings = {
				ALWAYS_EMBED_SWIFT_STANDARD_LIBRARIES = YES;
				CODE_SIGN_STYLE = Automatic;
				INFOPLIST_FILE = preworkUITests/Info.plist;
				LD_RUNPATH_SEARCH_PATHS = (
					"$(inherited)",
					"@executable_path/Frameworks",
					"@loader_path/Frameworks",
				);
				PRODUCT_BUNDLE_IDENTIFIER = "Nicole-Sosa.preworkUITests";
				PRODUCT_NAME = "$(TARGET_NAME)";
				SWIFT_VERSION = 5.0;
				TARGETED_DEVICE_FAMILY = "1,2";
				TEST_TARGET_NAME = prework;
			};
			name = Release;
		};
/* End XCBuildConfiguration section */

/* Begin XCConfigurationList section */
		5D72A17826BB033F00B74560 /* Build configuration list for PBXProject "prework" */ = {
			isa = XCConfigurationList;
			buildConfigurations = (
				5D72A1A526BB034300B74560 /* Debug */,
				5D72A1A626BB034300B74560 /* Release */,
			);
			defaultConfigurationIsVisible = 0;
			defaultConfigurationName = Release;
		};
		5D72A1A726BB034300B74560 /* Build configuration list for PBXNativeTarget "prework" */ = {
			isa = XCConfigurationList;
			buildConfigurations = (
				5D72A1A826BB034300B74560 /* Debug */,
				5D72A1A926BB034300B74560 /* Release */,
			);
			defaultConfigurationIsVisible = 0;
			defaultConfigurationName = Release;
		};
		5D72A1AA26BB034300B74560 /* Build configuration list for PBXNativeTarget "preworkTests" */ = {
			isa = XCConfigurationList;
			buildConfigurations = (
				5D72A1AB26BB034300B74560 /* Debug */,
				5D72A1AC26BB034300B74560 /* Release */,
			);
			defaultConfigurationIsVisible = 0;
			defaultConfigurationName = Release;
		};
		5D72A1AD26BB034300B74560 /* Build configuration list for PBXNativeTarget "preworkUITests" */ = {
			isa = XCConfigurationList;
			buildConfigurations = (
				5D72A1AE26BB034300B74560 /* Debug */,
				5D72A1AF26BB034300B74560 /* Release */,
			);
			defaultConfigurationIsVisible = 0;
			defaultConfigurationName = Release;
		};
/* End XCConfigurationList section */
	};
	rootObject = 5D72A17526BB033F00B74560 /* Project object */;
}
